
Microsoft Visual Studio Solution File, Format Version 12.00
# Visual Studio Version 17
VisualStudioVersion = 17.0.31903.59
MinimumVisualStudioVersion = 10.0.40219.1
Project("{FAE04EC0-301F-11D3-BF4B-00C04F79EFBC}") = "Cals1", "Cals1\Cals1.csproj", "{FD6D21E9-7A31-414D-AA4E-D625353EF8AA}"
EndProject
Project("{FAE04EC0-301F-11D3-BF4B-00C04F79EFBC}") = "Цикл", "Цикл\Цикл.csproj", "{0726F49F-ADC0-433F-BC53-373DAD28613B}"
EndProject
Global
	GlobalSection(SolutionConfigurationPlatforms) = preSolution
		Debug|Any CPU = Debug|Any CPU
		Debug|x64 = Debug|x64
		Debug|x86 = Debug|x86
		Release|Any CPU = Release|Any CPU
		Release|x64 = Release|x64
		Release|x86 = Release|x86
	EndGlobalSection
	GlobalSection(ProjectConfigurationPlatforms) = postSolution
		{FD6D21E9-7A31-414D-AA4E-D625353EF8AA}.Debug|Any CPU.ActiveCfg = Debug|Any CPU
		{FD6D21E9-7A31-414D-AA4E-D625353EF8AA}.Debug|Any CPU.Build.0 = Debug|Any CPU
		{FD6D21E9-7A31-414D-AA4E-D625353EF8AA}.Debug|x64.ActiveCfg = Debug|Any CPU
		{FD6D21E9-7A31-414D-AA4E-D625353EF8AA}.Debug|x64.Build.0 = Debug|Any CPU
		{FD6D21E9-7A31-414D-AA4E-D625353EF8AA}.Debug|x86.ActiveCfg = Debug|Any CPU
		{FD6D21E9-7A31-414D-AA4E-D625353EF8AA}.Debug|x86.Build.0 = Debug|Any CPU
		{FD6D21E9-7A31-414D-AA4E-D625353EF8AA}.Release|Any CPU.ActiveCfg = Release|Any CPU
		{FD6D21E9-7A31-414D-AA4E-D625353EF8AA}.Release|Any CPU.Build.0 = Release|Any CPU
		{FD6D21E9-7A31-414D-AA4E-D625353EF8AA}.Release|x64.ActiveCfg = Release|Any CPU
		{FD6D21E9-7A31-414D-AA4E-D625353EF8AA}.Release|x64.Build.0 = Release|Any CPU
		{FD6D21E9-7A31-414D-AA4E-D625353EF8AA}.Release|x86.ActiveCfg = Release|Any CPU
		{FD6D21E9-7A31-414D-AA4E-D625353EF8AA}.Release|x86.Build.0 = Release|Any CPU
		{0726F49F-ADC0-433F-BC53-373DAD28613B}.Debug|Any CPU.ActiveCfg = Debug|Any CPU
		{0726F49F-ADC0-433F-BC53-373DAD28613B}.Debug|Any CPU.Build.0 = Debug|Any CPU
		{0726F49F-ADC0-433F-BC53-373DAD28613B}.Debug|x64.ActiveCfg = Debug|Any CPU
		{0726F49F-ADC0-433F-BC53-373DAD28613B}.Debug|x64.Build.0 = Debug|Any CPU
		{0726F49F-ADC0-433F-BC53-373DAD28613B}.Debug|x86.ActiveCfg = Debug|Any CPU
		{0726F49F-ADC0-433F-BC53-373DAD28613B}.Debug|x86.Build.0 = Debug|Any CPU
		{0726F49F-ADC0-433F-BC53-373DAD28613B}.Release|Any CPU.ActiveCfg = Release|Any CPU
		{0726F49F-ADC0-433F-BC53-373DAD28613B}.Release|Any CPU.Build.0 = Release|Any CPU
		{0726F49F-ADC0-433F-BC53-373DAD28613B}.Release|x64.ActiveCfg = Release|Any CPU
		{0726F49F-ADC0-433F-BC53-373DAD28613B}.Release|x64.Build.0 = Release|Any CPU
		{0726F49F-ADC0-433F-BC53-373DAD28613B}.Release|x86.ActiveCfg = Release|Any CPU
		{0726F49F-ADC0-433F-BC53-373DAD28613B}.Release|x86.Build.0 = Release|Any CPU
	EndGlobalSection
	GlobalSection(SolutionProperties) = preSolution
		HideSolutionNode = FALSE
	EndGlobalSection
EndGlobal
